
Microsoft Visual Studio Solution File, Format Version 12.00
# Visual Studio 2012
Project("{FAE04EC0-301F-11D3-BF4B-00C04F79EFBC}") = "Neuron", "NeuralNetwork\Neuron.csproj", "{55ACFEC6-5CDE-4B74-973D-B1134EFB7428}"
EndProject
Project("{FAE04EC0-301F-11D3-BF4B-00C04F79EFBC}") = "NeuralLibrary", "NeuralLibrary\NeuralLibrary.csproj", "{13ED4719-119A-457B-8392-957F1E2A17F7}"
EndProject
Global
	GlobalSection(SolutionConfigurationPlatforms) = preSolution
		Debug|Any CPU = Debug|Any CPU
		Release|Any CPU = Release|Any CPU
	EndGlobalSection
	GlobalSection(ProjectConfigurationPlatforms) = postSolution
		{55ACFEC6-5CDE-4B74-973D-B1134EFB7428}.Debug|Any CPU.ActiveCfg = Debug|Any CPU
		{55ACFEC6-5CDE-4B74-973D-B1134EFB7428}.Debug|Any CPU.Build.0 = Debug|Any CPU
		{55ACFEC6-5CDE-4B74-973D-B1134EFB7428}.Release|Any CPU.ActiveCfg = Release|Any CPU
		{55ACFEC6-5CDE-4B74-973D-B1134EFB7428}.Release|Any CPU.Build.0 = Release|Any CPU
		{13ED4719-119A-457B-8392-957F1E2A17F7}.Debug|Any CPU.ActiveCfg = Debug|Any CPU
		{13ED4719-119A-457B-8392-957F1E2A17F7}.Debug|Any CPU.Build.0 = Debug|Any CPU
		{13ED4719-119A-457B-8392-957F1E2A17F7}.Release|Any CPU.ActiveCfg = Release|Any CPU
		{13ED4719-119A-457B-8392-957F1E2A17F7}.Release|Any CPU.Build.0 = Release|Any CPU
	EndGlobalSection
EndGlobal
